
Microsoft Visual Studio Solution File, Format Version 12.00
# Visual Studio Version 17
VisualStudioVersion = 17.4.33213.308
MinimumVisualStudioVersion = 10.0.40219.1
Project("{FAE04EC0-301F-11D3-BF4B-00C04F79EFBC}") = "TestAutoMapper", "TestAutoMapper\TestAutoMapper.csproj", "{2B4014D4-EF61-4232-BB90-954B82F310F2}"
EndProject
Global
	GlobalSection(SolutionConfigurationPlatforms) = preSolution
		Debug|Any CPU = Debug|Any CPU
		Release|Any CPU = Release|Any CPU
	EndGlobalSection
	GlobalSection(ProjectConfigurationPlatforms) = postSolution
		{2B4014D4-EF61-4232-BB90-954B82F310F2}.Debug|Any CPU.ActiveCfg = Debug|Any CPU
		{2B4014D4-EF61-4232-BB90-954B82F310F2}.Debug|Any CPU.Build.0 = Debug|Any CPU
		{2B4014D4-EF61-4232-BB90-954B82F310F2}.Release|Any CPU.ActiveCfg = Release|Any CPU
		{2B4014D4-EF61-4232-BB90-954B82F310F2}.Release|Any CPU.Build.0 = Release|Any CPU
	EndGlobalSection
	GlobalSection(SolutionProperties) = preSolution
		HideSolutionNode = FALSE
	EndGlobalSection
	GlobalSection(ExtensibilityGlobals) = postSolution
		SolutionGuid = {E77B1796-B9DB-4432-8BFF-C1D7691761C7}
	EndGlobalSection
EndGlobal
